
Microsoft Visual Studio Solution File, Format Version 12.00
# Visual Studio 15
VisualStudioVersion = 15.0.28307.1831
MinimumVisualStudioVersion = 10.0.40219.1
Project("{FAE04EC0-301F-11D3-BF4B-00C04F79EFBC}") = "Karnel_Travel_Guide", "Karnel_Travel_Guide\Karnel_Travel_Guide.csproj", "{1868AC34-DA4C-4C84-BBCA-3DE4AF5E490B}"
EndProject
Global
	GlobalSection(SolutionConfigurationPlatforms) = preSolution
		Debug|Any CPU = Debug|Any CPU
		Release|Any CPU = Release|Any CPU
	EndGlobalSection
	GlobalSection(ProjectConfigurationPlatforms) = postSolution
		{1868AC34-DA4C-4C84-BBCA-3DE4AF5E490B}.Debug|Any CPU.ActiveCfg = Debug|Any CPU
		{1868AC34-DA4C-4C84-BBCA-3DE4AF5E490B}.Debug|Any CPU.Build.0 = Debug|Any CPU
		{1868AC34-DA4C-4C84-BBCA-3DE4AF5E490B}.Release|Any CPU.ActiveCfg = Release|Any CPU
		{1868AC34-DA4C-4C84-BBCA-3DE4AF5E490B}.Release|Any CPU.Build.0 = Release|Any CPU
	EndGlobalSection
	GlobalSection(SolutionProperties) = preSolution
		HideSolutionNode = FALSE
	EndGlobalSection
	GlobalSection(ExtensibilityGlobals) = postSolution
		SolutionGuid = {87ECB380-F3F8-4F2D-983E-67CCA1A94B36}
	EndGlobalSection
EndGlobal
